# This file is automatically @generated by Cargo.
# It is not intended for manual editing.
version = 4

[[package]]
name = "consensus"
version = "0.1.0"

[[package]]
name = "execution"
version = "0.1.0"

[[package]]
name = "node"
version = "0.1.0"

[[package]]
name = "types"
version = "0.1.0"

[[package]]
name = "ultramarine"
version = "0.1.0"
